PODS:
  - Bolts (1.8.4):
    - Bolts/AppLinks (= 1.8.4)
    - Bolts/Tasks (= 1.8.4)
  - Bolts/AppLinks (1.8.4):
    - Bolts/Tasks
  - Bolts/Tasks (1.8.4)
  - FBSDKCoreKit (4.27.0):
    - Bolts (~> 1.7)
  - FBSDKLoginKit (4.27.0):
    - FBSDKCoreKit
  - FBSDKShareKit (4.27.0):
    - FBSDKCoreKit
  - GoogleSignIn (4.1.0):
    - "GoogleToolboxForMac/NSDictionary+URLArguments (~> 2.1)"
    - "GoogleToolboxForMac/NSString+URLArguments (~> 2.1)"
    - GTMOAuth2 (~> 1.0)
    - GTMSessionFetcher/Core (~> 1.1)
  - GoogleToolboxForMac/DebugUtils (2.1.1):
    - GoogleToolboxForMac/Defines (= 2.1.1)
  - GoogleToolboxForMac/Defines (2.1.1)
  - "GoogleToolboxForMac/NSDictionary+URLArguments (2.1.1)":
    - GoogleToolboxForMac/DebugUtils (= 2.1.1)
    - GoogleToolboxForMac/Defines (= 2.1.1)
    - "GoogleToolboxForMac/NSString+URLArguments (= 2.1.1)"
  - "GoogleToolboxForMac/NSString+URLArguments (2.1.1)"
  - GTMOAuth2 (1.1.5):
    - GTMSessionFetcher (~> 1.1)
  - GTMSessionFetcher (1.1.12):
    - GTMSessionFetcher/Full (= 1.1.12)
  - GTMSessionFetcher/Core (1.1.12)
  - GTMSessionFetcher/Full (1.1.12):
    - GTMSessionFetcher/Core (= 1.1.12)
  - SVProgressHUD (2.2.1)

DEPENDENCIES:
  - FBSDKCoreKit
  - FBSDKLoginKit
  - FBSDKShareKit
  - GoogleSignIn
  - SVProgressHUD

SPEC REPOS:
  https://github.com/cocoapods/specs.git:
    - Bolts
    - FBSDKCoreKit
    - FBSDKLoginKit
    - FBSDKShareKit
    - GoogleSignIn
    - GoogleToolboxForMac
    - GTMOAuth2
    - GTMSessionFetcher
    - SVProgressHUD

SPEC CHECKSUMS:
  Bolts: 8a7995239dbe724f9cba2248b766d48b7ebdd322
  FBSDKCoreKit: ebc6c5f5b3f0e72396041050e2266781a38ac587
  FBSDKLoginKit: 887be4b7452e1c5a3cc4485ce152529965a0c41e
  FBSDKShareKit: 4f83956d4ca2960730fe7588a168eb8d535c06dc
  GoogleSignIn: 8c599fc10d25b2af86a3f82fd9631e863f2b1400
  GoogleToolboxForMac: 8e329f1b599f2512c6b10676d45736bcc2cbbeb0
  GTMOAuth2: be83fd28d63ae3087e7d351b1f39c1a7e24ab6e7
  GTMSessionFetcher: ebaa1f79a5366922c1735f1566901f50beba23b7
  SVProgressHUD: db27c54e6e18bc903341661fc9feb55e04905cc4

PODFILE CHECKSUM: 58969d38945359d38a314168e3177e02fd121693

COCOAPODS: 1.5.3
